
Microsoft Visual Studio Solution File, Format Version 12.00
# Visual Studio Version 17
VisualStudioVersion = 17.11.35208.52
MinimumVisualStudioVersion = 10.0.40219.1
Project("{FAE04EC0-301F-11D3-BF4B-00C04F79EFBC}") = "gissSpel", "gissSpel\gissSpel.csproj", "{CEFA9C7A-D83C-4FA5-A46E-125C1A85A699}"
EndProject
Global
	GlobalSection(SolutionConfigurationPlatforms) = preSolution
		Debug|Any CPU = Debug|Any CPU
		Release|Any CPU = Release|Any CPU
	EndGlobalSection
	GlobalSection(ProjectConfigurationPlatforms) = postSolution
		{CEFA9C7A-D83C-4FA5-A46E-125C1A85A699}.Debug|Any CPU.ActiveCfg = Debug|Any CPU
		{CEFA9C7A-D83C-4FA5-A46E-125C1A85A699}.Debug|Any CPU.Build.0 = Debug|Any CPU
		{CEFA9C7A-D83C-4FA5-A46E-125C1A85A699}.Release|Any CPU.ActiveCfg = Release|Any CPU
		{CEFA9C7A-D83C-4FA5-A46E-125C1A85A699}.Release|Any CPU.Build.0 = Release|Any CPU
	EndGlobalSection
	GlobalSection(SolutionProperties) = preSolution
		HideSolutionNode = FALSE
	EndGlobalSection
	GlobalSection(ExtensibilityGlobals) = postSolution
		SolutionGuid = {349BAB14-4F54-4AB3-8575-38CF1764EB18}
	EndGlobalSection
EndGlobal
