
Microsoft Visual Studio Solution File, Format Version 12.00
# Visual Studio Version 17
VisualStudioVersion = 17.11.35208.52
MinimumVisualStudioVersion = 10.0.40219.1
Project("{FAE04EC0-301F-11D3-BF4B-00C04F79EFBC}") = "NoccoCounter", "NoccoCounter\NoccoCounter.csproj", "{FABCD703-7B7D-4587-A2CD-715828F9F6E3}"
EndProject
Global
	GlobalSection(SolutionConfigurationPlatforms) = preSolution
		Debug|Any CPU = Debug|Any CPU
		Release|Any CPU = Release|Any CPU
	EndGlobalSection
	GlobalSection(ProjectConfigurationPlatforms) = postSolution
		{FABCD703-7B7D-4587-A2CD-715828F9F6E3}.Debug|Any CPU.ActiveCfg = Debug|Any CPU
		{FABCD703-7B7D-4587-A2CD-715828F9F6E3}.Debug|Any CPU.Build.0 = Debug|Any CPU
		{FABCD703-7B7D-4587-A2CD-715828F9F6E3}.Release|Any CPU.ActiveCfg = Release|Any CPU
		{FABCD703-7B7D-4587-A2CD-715828F9F6E3}.Release|Any CPU.Build.0 = Release|Any CPU
	EndGlobalSection
	GlobalSection(SolutionProperties) = preSolution
		HideSolutionNode = FALSE
	EndGlobalSection
	GlobalSection(ExtensibilityGlobals) = postSolution
		SolutionGuid = {C5B838A9-C1C6-4ABA-B07B-19475D081501}
	EndGlobalSection
EndGlobal
